{
    "hash": "0bc9e31498a1a8d7b430832cc6bdbb0e",
    "packages": [
        {
            "package": "doctrine/common",
            "version": "2.1.x-dev",
            "source-reference": "41794945e795e108060eddb3342c9e13524b9b3e"
        },
        {
            "package": "doctrine/dbal",
            "version": "2.1.x-dev",
            "source-reference": "76799960a54af583e82bedcf246e8c9c18006e94"
        },
        {
            "package": "doctrine/orm",
            "version": "2.1.x-dev",
            "source-reference": "417b6b0e5e81c4da90745728b3f05bd5fcb5cccd"
        },
        {
            "package": "jms/metadata",
            "version": "1.1.1"
        },
        {
            "package": "jms/security-extra-bundle",
            "version": "1.0.x-dev",
            "source-reference": "e752f888c51425f71382c056961f10f2be642102"
        },
        {
            "package": "knplabs/knp-snappy",
            "version": "dev-master",
            "source-reference": "4f62cf5512e231a0e6f925598a3bc428c8343702"
        },
        {
            "package": "kriswallsmith/assetic",
            "version": "1.0.x-dev",
            "source-reference": "ed9bf0fcc710e26051ac656b4d6b1a53381da160"
        },
        {
            "package": "monolog/monolog",
            "version": "1.1.0"
        },
        {
            "package": "mopa/bootstrap-bundle",
            "version": "2.0.x-dev",
            "source-reference": "9519ba5e0b0d631cdc0ef71aada7275dada501d3"
        },
        {
            "package": "mopa/composer-bridge",
            "version": "dev-master",
            "source-reference": "84b8bf537163b4470f14d02554a0e9eb5d300172"
        },
        {
            "package": "schnipseljagd/testdatabuilder",
            "version": "dev-master",
            "source-reference": "0ea8f57ddf55884a993869582f48e8b3007f1f8f"
        },
        {
            "package": "sensio/distribution-bundle",
            "version": "2.0.x-dev",
            "source-reference": "41a6c5caed65f02bb09c95a90579f047616471fd"
        },
        {
            "package": "sensio/framework-extra-bundle",
            "version": "2.0.x-dev",
            "source-reference": "891359252711c424d5da8cac9fa1e757450a6db2"
        },
        {
            "package": "sensio/generator-bundle",
            "version": "2.0.x-dev",
            "source-reference": "c0118ce370f8da20e43051f2dd1ae331a202ab9c"
        },
        {
            "package": "swiftmailer/swiftmailer",
            "version": "dev-master",
            "alias-pretty-version": "4.1.x-dev",
            "alias-version": "4.1.9999999.9999999-dev"
        },
        {
            "package": "swiftmailer/swiftmailer",
            "version": "dev-master",
            "source-reference": "0509c682d482940949ea7f7128c582d9d8b628e2"
        },
        {
            "package": "symfony/assetic-bundle",
            "version": "2.0.x-dev",
            "source-reference": "fbcbaf46df2aa143759319de205e1babcf7dd87d"
        },
        {
            "package": "symfony/symfony",
            "version": "v2.0.13"
        },
        {
            "package": "twig/extensions",
            "version": "dev-master",
            "source-reference": "feb6d3f10c411e2631997c0a905aa581c80305c1"
        },
        {
            "package": "twig/twig",
            "version": "dev-master",
            "alias-pretty-version": "1.8.x-dev",
            "alias-version": "1.8.9999999.9999999-dev"
        },
        {
            "package": "twig/twig",
            "version": "dev-master",
            "source-reference": "4679ad51c5390648b7ea4c8f0ecd2c0c344145ba"
        },
        {
            "package": "twitter/bootstrap",
            "version": "master",
            "source-reference": "master"
        },
        {
            "package": "zf2",
            "version": "master",
            "source-reference": "master"
        }
    ],
    "packages-dev": null,
    "aliases": [

    ],
    "minimum-stability": "dev",
    "stability-flags": {
        "schnipseljagd/testdatabuilder": 20,
        "mopa/bootstrap-bundle": 20
    }
}
