{
    "hash": "5f7cb30c48a21b58fcea8ed5b93dff6f",
    "packages": [
        {
            "package": "doctrine/common",
            "version": "2.1.4"
        },
        {
            "package": "doctrine/dbal",
            "version": "2.1.7"
        },
        {
            "package": "doctrine/orm",
            "version": "2.1.7"
        },
        {
            "package": "jms/metadata",
            "version": "1.1.1"
        },
        {
            "package": "jms/security-extra-bundle",
            "version": "1.0.x-dev",
            "source-reference": "e752f888c51425f71382c056961f10f2be642102",
            "commit-date": "1334940270"
        },
        {
            "package": "knplabs/knp-snappy",
            "version": "dev-master",
            "source-reference": "2b85a66539a58ce7fe639a5a417ce48d80ac1dd7",
            "commit-date": "1342770243"
        },
        {
            "package": "kriswallsmith/assetic",
            "version": "v1.0.3"
        },
        {
            "package": "monolog/monolog",
            "version": "1.1.0"
        },
        {
            "package": "schnipseljagd/testdatabuilder",
            "version": "dev-master",
            "source-reference": "0ea8f57ddf55884a993869582f48e8b3007f1f8f",
            "commit-date": "1339352139"
        },
        {
            "package": "sensio/distribution-bundle",
            "version": "2.0.x-dev",
            "source-reference": "41a6c5caed65f02bb09c95a90579f047616471fd",
            "commit-date": "1337272950"
        },
        {
            "package": "sensio/framework-extra-bundle",
            "version": "2.0.x-dev",
            "source-reference": "85911039aca2ef39805640d9238c7157d8c30d2e",
            "commit-date": "1343372444"
        },
        {
            "package": "sensio/generator-bundle",
            "version": "2.0.x-dev",
            "source-reference": "c0118ce370f8da20e43051f2dd1ae331a202ab9c",
            "commit-date": "1339741720"
        },
        {
            "package": "swiftmailer/swiftmailer",
            "version": "v4.1.8"
        },
        {
            "package": "symfony/assetic-bundle",
            "version": "2.0.x-dev",
            "source-reference": "6f15728c1aefa5246caa83730e3dbf70b0d46052",
            "commit-date": "1342820272"
        },
        {
            "package": "symfony/symfony",
            "version": "v2.0.16"
        },
        {
            "package": "twig/extensions",
            "version": "dev-master",
            "source-reference": "feb6d3f10c411e2631997c0a905aa581c80305c1",
            "commit-date": "1337599699"
        },
        {
            "package": "twig/twig",
            "version": "v1.9.1"
        },
        {
            "package": "zf2",
            "version": "master",
            "source-reference": "master",
            "commit-date": "1344537807"
        }
    ],
    "packages-dev": [

    ],
    "aliases": [

    ],
    "minimum-stability": "stable",
    "stability-flags": {
        "twig/extensions": 20,
        "symfony/assetic-bundle": 20,
        "sensio/generator-bundle": 20,
        "sensio/framework-extra-bundle": 20,
        "sensio/distribution-bundle": 20,
        "jms/security-extra-bundle": 20,
        "schnipseljagd/testdatabuilder": 20,
        "zf2": 20,
        "knplabs/knp-snappy": 20
    }
}
